// !$*UTF8*$!
{
	archiveVersion = 1;
	classes = {
	};
	objectVersion = 46;
	objects = {

/* Begin PBXBuildFile section */
		DC9D35051D5AD02800D818A0 /* main.m in Sources */ = {isa = PBXBuildFile; fileRef = DC9D35041D5AD02800D818A0 /* main.m */; };
		DC9D350E1D5AD02800D818A0 /* Main.storyboard in Resources */ = {isa = PBXBuildFile; fileRef = DC9D350C1D5AD02800D818A0 /* Main.storyboard */; };
		DC9D35101D5AD02800D818A0 /* Assets.xcassets in Resources */ = {isa = PBXBuildFile; fileRef = DC9D350F1D5AD02800D818A0 /* Assets.xcassets */; };
		DC9D35131D5AD02800D818A0 /* LaunchScreen.storyboard in Resources */ = {isa = PBXBuildFile; fileRef = DC9D35111D5AD02800D818A0 /* LaunchScreen.storyboard */; };
		DC9D35411D5AE50100D818A0 /* RootViewController.m in Sources */ = {isa = PBXBuildFile; fileRef = DC9D35301D5AE50100D818A0 /* RootViewController.m */; };
		DC9D35421D5AE50100D818A0 /* ViewController.m in Sources */ = {isa = PBXBuildFile; fileRef = DC9D35321D5AE50100D818A0 /* ViewController.m */; };
		DC9D35431D5AE50100D818A0 /* AppDelegate.m in Sources */ = {isa = PBXBuildFile; fileRef = DC9D35351D5AE50100D818A0 /* AppDelegate.m */; };
		DC9D35441D5AE50100D818A0 /* EVCustomItem.m in Sources */ = {isa = PBXBuildFile; fileRef = DC9D35381D5AE50100D818A0 /* EVCustomItem.m */; };
		DC9D35451D5AE50100D818A0 /* EVSlideMenuController.m in Sources */ = {isa = PBXBuildFile; fileRef = DC9D353A1D5AE50100D818A0 /* EVSlideMenuController.m */; };
		DC9D35461D5AE50100D818A0 /* TableViewWithBlock.m in Sources */ = {isa = PBXBuildFile; fileRef = DC9D353C1D5AE50100D818A0 /* TableViewWithBlock.m */; };
		DC9D35471D5AE50100D818A0 /* UITableView+DataSourceBlocks.m in Sources */ = {isa = PBXBuildFile; fileRef = DC9D353E1D5AE50100D818A0 /* UITableView+DataSourceBlocks.m */; };
		DC9D35481D5AE50100D818A0 /* UITableView+DelegateBlocks.m in Sources */ = {isa = PBXBuildFile; fileRef = DC9D35401D5AE50100D818A0 /* UITableView+DelegateBlocks.m */; };
/* End PBXBuildFile section */

/* Begin PBXFileReference section */
		DC9D35001D5AD02800D818A0 /* EVSlideMenuController.app */ = {isa = PBXFileReference; explicitFileType = wrapper.application; includeInIndex = 0; path = EVSlideMenuController.app; sourceTree = BUILT_PRODUCTS_DIR; };
		DC9D35041D5AD02800D818A0 /* main.m */ = {isa = PBXFileReference; lastKnownFileType = sourcecode.c.objc; path = main.m; sourceTree = "<group>"; };
		DC9D350D1D5AD02800D818A0 /* Base */ = {isa = PBXFileReference; lastKnownFileType = file.storyboard; name = Base; path = Base.lproj/Main.storyboard; sourceTree = "<group>"; };
		DC9D350F1D5AD02800D818A0 /* Assets.xcassets */ = {isa = PBXFileReference; lastKnownFileType = folder.assetcatalog; path = Assets.xcassets; sourceTree = "<group>"; };
		DC9D35121D5AD02800D818A0 /* Base */ = {isa = PBXFileReference; lastKnownFileType = file.storyboard; name = Base; path = Base.lproj/LaunchScreen.storyboard; sourceTree = "<group>"; };
		DC9D35141D5AD02800D818A0 /* Info.plist */ = {isa = PBXFileReference; lastKnownFileType = text.plist.xml; path = Info.plist; sourceTree = "<group>"; };
		DC9D352F1D5AE50100D818A0 /* RootViewController.h */ = {isa = PBXFileReference; fileEncoding = 4; lastKnownFileType = sourcecode.c.h; path = RootViewController.h; sourceTree = "<group>"; };
		DC9D35301D5AE50100D818A0 /* RootViewController.m */ = {isa = PBXFileReference; fileEncoding = 4; lastKnownFileType = sourcecode.c.objc; path = RootViewController.m; sourceTree = "<group>"; };
		DC9D35311D5AE50100D818A0 /* ViewController.h */ = {isa = PBXFileReference; fileEncoding = 4; lastKnownFileType = sourcecode.c.h; path = ViewController.h; sourceTree = "<group>"; };
		DC9D35321D5AE50100D818A0 /* ViewController.m */ = {isa = PBXFileReference; fileEncoding = 4; lastKnownFileType = sourcecode.c.objc; path = ViewController.m; sourceTree = "<group>"; };
		DC9D35341D5AE50100D818A0 /* AppDelegate.h */ = {isa = PBXFileReference; fileEncoding = 4; lastKnownFileType = sourcecode.c.h; path = AppDelegate.h; sourceTree = "<group>"; };
		DC9D35351D5AE50100D818A0 /* AppDelegate.m */ = {isa = PBXFileReference; fileEncoding = 4; lastKnownFileType = sourcecode.c.objc; path = AppDelegate.m; sourceTree = "<group>"; };
		DC9D35371D5AE50100D818A0 /* EVCustomItem.h */ = {isa = PBXFileReference; fileEncoding = 4; lastKnownFileType = sourcecode.c.h; path = EVCustomItem.h; sourceTree = "<group>"; };
		DC9D35381D5AE50100D818A0 /* EVCustomItem.m */ = {isa = PBXFileReference; fileEncoding = 4; lastKnownFileType = sourcecode.c.objc; path = EVCustomItem.m; sourceTree = "<group>"; };
		DC9D35391D5AE50100D818A0 /* EVSlideMenuController.h */ = {isa = PBXFileReference; fileEncoding = 4; lastKnownFileType = sourcecode.c.h; path = EVSlideMenuController.h; sourceTree = "<group>"; };
		DC9D353A1D5AE50100D818A0 /* EVSlideMenuController.m */ = {isa = PBXFileReference; fileEncoding = 4; lastKnownFileType = sourcecode.c.objc; path = EVSlideMenuController.m; sourceTree = "<group>"; };
		DC9D353B1D5AE50100D818A0 /* TableViewWithBlock.h */ = {isa = PBXFileReference; fileEncoding = 4; lastKnownFileType = sourcecode.c.h; path = TableViewWithBlock.h; sourceTree = "<group>"; };
		DC9D353C1D5AE50100D818A0 /* TableViewWithBlock.m */ = {isa = PBXFileReference; fileEncoding = 4; lastKnownFileType = sourcecode.c.objc; path = TableViewWithBlock.m; sourceTree = "<group>"; };
		DC9D353D1D5AE50100D818A0 /* UITableView+DataSourceBlocks.h */ = {isa = PBXFileReference; fileEncoding = 4; lastKnownFileType = sourcecode.c.h; path = "UITableView+DataSourceBlocks.h"; sourceTree = "<group>"; };
		DC9D353E1D5AE50100D818A0 /* UITableView+DataSourceBlocks.m */ = {isa = PBXFileReference; fileEncoding = 4; lastKnownFileType = sourcecode.c.objc; path = "UITableView+DataSourceBlocks.m"; sourceTree = "<group>"; };
		DC9D353F1D5AE50100D818A0 /* UITableView+DelegateBlocks.h */ = {isa = PBXFileReference; fileEncoding = 4; lastKnownFileType = sourcecode.c.h; path = "UITableView+DelegateBlocks.h"; sourceTree = "<group>"; };
		DC9D35401D5AE50100D818A0 /* UITableView+DelegateBlocks.m */ = {isa = PBXFileReference; fileEncoding = 4; lastKnownFileType = sourcecode.c.objc; path = "UITableView+DelegateBlocks.m"; sourceTree = "<group>"; };
/* End PBXFileReference section */

/* Begin PBXFrameworksBuildPhase section */
		DC9D34FD1D5AD02800D818A0 /* Frameworks */ = {
			isa = PBXFrameworksBuildPhase;
			buildActionMask = 2147483647;
			files = (
			);
			runOnlyForDeploymentPostprocessing = 0;
		};
/* End PBXFrameworksBuildPhase section */

/* Begin PBXGroup section */
		DC9D34F71D5AD02700D818A0 = {
			isa = PBXGroup;
			children = (
				DC9D35021D5AD02800D818A0 /* EVSlideMenuController-master.zip */,
				DC9D35011D5AD02800D818A0 /* Products */,
			);
			sourceTree = "<group>";
		};
		DC9D35011D5AD02800D818A0 /* Products */ = {
			isa = PBXGroup;
			children = (
				DC9D35001D5AD02800D818A0 /* EVSlideMenuController.app */,
			);
			name = Products;
			sourceTree = "<group>";
		};
		DC9D35021D5AD02800D818A0 /* EVSlideMenuController-master.zip */ = {
			isa = PBXGroup;
			children = (
				DC9D352D1D5AE50100D818A0 /* Classes */,
				DC9D35141D5AD02800D818A0 /* Info.plist */,
				DC9D35031D5AD02800D818A0 /* Supporting Files */,
			);
			name = "EVSlideMenuController-master.zip";
			path = EVSlideMenuController;
			sourceTree = "<group>";
		};
		DC9D35031D5AD02800D818A0 /* Supporting Files */ = {
			isa = PBXGroup;
			children = (
				DC9D350C1D5AD02800D818A0 /* Main.storyboard */,
				DC9D350F1D5AD02800D818A0 /* Assets.xcassets */,
				DC9D35111D5AD02800D818A0 /* LaunchScreen.storyboard */,
				DC9D35041D5AD02800D818A0 /* main.m */,
			);
			name = "Supporting Files";
			sourceTree = "<group>";
		};
		DC9D352D1D5AE50100D818A0 /* Classes */ = {
			isa = PBXGroup;
			children = (
				DC9D352E1D5AE50100D818A0 /*  Controller */,
				DC9D35331D5AE50100D818A0 /* AppDelegate */,
				DC9D35361D5AE50100D818A0 /* Pod */,
			);
			path = Classes;
			sourceTree = "<group>";
		};
		DC9D352E1D5AE50100D818A0 /*  Controller */ = {
			isa = PBXGroup;
			children = (
				DC9D352F1D5AE50100D818A0 /* RootViewController.h */,
				DC9D35301D5AE50100D818A0 /* RootViewController.m */,
				DC9D35311D5AE50100D818A0 /* ViewController.h */,
				DC9D35321D5AE50100D818A0 /* ViewController.m */,
			);
			path = " Controller";
			sourceTree = "<group>";
		};
		DC9D35331D5AE50100D818A0 /* AppDelegate */ = {
			isa = PBXGroup;
			children = (
				DC9D35341D5AE50100D818A0 /* AppDelegate.h */,
				DC9D35351D5AE50100D818A0 /* AppDelegate.m */,
			);
			path = AppDelegate;
			sourceTree = "<group>";
		};
		DC9D35361D5AE50100D818A0 /* Pod */ = {
			isa = PBXGroup;
			children = (
				DC9D35371D5AE50100D818A0 /* EVCustomItem.h */,
				DC9D35381D5AE50100D818A0 /* EVCustomItem.m */,
				DC9D35391D5AE50100D818A0 /* EVSlideMenuController.h */,
				DC9D353A1D5AE50100D818A0 /* EVSlideMenuController.m */,
				DC9D353B1D5AE50100D818A0 /* TableViewWithBlock.h */,
				DC9D353C1D5AE50100D818A0 /* TableViewWithBlock.m */,
				DC9D353D1D5AE50100D818A0 /* UITableView+DataSourceBlocks.h */,
				DC9D353E1D5AE50100D818A0 /* UITableView+DataSourceBlocks.m */,
				DC9D353F1D5AE50100D818A0 /* UITableView+DelegateBlocks.h */,
				DC9D35401D5AE50100D818A0 /* UITableView+DelegateBlocks.m */,
			);
			path = Pod;
			sourceTree = "<group>";
		};
/* End PBXGroup section */

/* Begin PBXNativeTarget section */
		DC9D34FF1D5AD02800D818A0 /* EVSlideMenuController */ = {
			isa = PBXNativeTarget;
			buildConfigurationList = DC9D35171D5AD02800D818A0 /* Build configuration list for PBXNativeTarget "EVSlideMenuController" */;
			buildPhases = (
				DC9D34FC1D5AD02800D818A0 /* Sources */,
				DC9D34FD1D5AD02800D818A0 /* Frameworks */,
				DC9D34FE1D5AD02800D818A0 /* Resources */,
			);
			buildRules = (
			);
			dependencies = (
			);
			name = EVSlideMenuController;
			productName = EVSlideMenuController;
			productReference = DC9D35001D5AD02800D818A0 /* EVSlideMenuController.app */;
			productType = "com.apple.product-type.application";
		};
/* End PBXNativeTarget section */

/* Begin PBXProject section */
		DC9D34F81D5AD02700D818A0 /* Project object */ = {
			isa = PBXProject;
			attributes = {
				LastUpgradeCheck = 0730;
				ORGANIZATIONNAME = iwevon;
				TargetAttributes = {
					DC9D34FF1D5AD02800D818A0 = {
						CreatedOnToolsVersion = 7.3.1;
					};
				};
			};
			buildConfigurationList = DC9D34FB1D5AD02700D818A0 /* Build configuration list for PBXProject "EVSlideMenuController" */;
			compatibilityVersion = "Xcode 3.2";
			developmentRegion = English;
			hasScannedForEncodings = 0;
			knownRegions = (
				en,
				Base,
			);
			mainGroup = DC9D34F71D5AD02700D818A0;
			productRefGroup = DC9D35011D5AD02800D818A0 /* Products */;
			projectDirPath = "";
			projectRoot = "";
			targets = (
				DC9D34FF1D5AD02800D818A0 /* EVSlideMenuController */,
			);
		};
/* End PBXProject section */

/* Begin PBXResourcesBuildPhase section */
		DC9D34FE1D5AD02800D818A0 /* Resources */ = {
			isa = PBXResourcesBuildPhase;
			buildActionMask = 2147483647;
			files = (
				DC9D35131D5AD02800D818A0 /* LaunchScreen.storyboard in Resources */,
				DC9D35101D5AD02800D818A0 /* Assets.xcassets in Resources */,
				DC9D350E1D5AD02800D818A0 /* Main.storyboard in Resources */,
			);
			runOnlyForDeploymentPostprocessing = 0;
		};
/* End PBXResourcesBuildPhase section */

/* Begin PBXSourcesBuildPhase section */
		DC9D34FC1D5AD02800D818A0 /* Sources */ = {
			isa = PBXSourcesBuildPhase;
			buildActionMask = 2147483647;
			files = (
				DC9D35431D5AE50100D818A0 /* AppDelegate.m in Sources */,
				DC9D35441D5AE50100D818A0 /* EVCustomItem.m in Sources */,
				DC9D35421D5AE50100D818A0 /* ViewController.m in Sources */,
				DC9D35461D5AE50100D818A0 /* TableViewWithBlock.m in Sources */,
				DC9D35451D5AE50100D818A0 /* EVSlideMenuController.m in Sources */,
				DC9D35411D5AE50100D818A0 /* RootViewController.m in Sources */,
				DC9D35481D5AE50100D818A0 /* UITableView+DelegateBlocks.m in Sources */,
				DC9D35471D5AE50100D818A0 /* UITableView+DataSourceBlocks.m in Sources */,
				DC9D35051D5AD02800D818A0 /* main.m in Sources */,
			);
			runOnlyForDeploymentPostprocessing = 0;
		};
/* End PBXSourcesBuildPhase section */

/* Begin PBXVariantGroup section */
		DC9D350C1D5AD02800D818A0 /* Main.storyboard */ = {
			isa = PBXVariantGroup;
			children = (
				DC9D350D1D5AD02800D818A0 /* Base */,
			);
			name = Main.storyboard;
			sourceTree = "<group>";
		};
		DC9D35111D5AD02800D818A0 /* LaunchScreen.storyboard */ = {
			isa = PBXVariantGroup;
			children = (
				DC9D35121D5AD02800D818A0 /* Base */,
			);
			name = LaunchScreen.storyboard;
			sourceTree = "<group>";
		};
/* End PBXVariantGroup section */

/* Begin XCBuildConfiguration section */
		DC9D35151D5AD02800D818A0 /* Debug */ = {
			isa = XCBuildConfiguration;
			buildSettings = {
				ALWAYS_SEARCH_USER_PATHS = NO;
				CLANG_ANALYZER_NONNULL = YES;
				CLANG_CXX_LANGUAGE_STANDARD = "gnu++0x";
				CLANG_CXX_LIBRARY = "libc++";
				CLANG_ENABLE_MODULES = YES;
				CLANG_ENABLE_OBJC_ARC = YES;
				CLANG_WARN_BOOL_CONVERSION = YES;
				CLANG_WARN_CONSTANT_CONVERSION = YES;
				CLANG_WARN_DIRECT_OBJC_ISA_USAGE = YES_ERROR;
				CLANG_WARN_EMPTY_BODY = YES;
				CLANG_WARN_ENUM_CONVERSION = YES;
				CLANG_WARN_INT_CONVERSION = YES;
				CLANG_WARN_OBJC_ROOT_CLASS = YES_ERROR;
				CLANG_WARN_UNREACHABLE_CODE = YES;
				CLANG_WARN__DUPLICATE_METHOD_MATCH = YES;
				"CODE_SIGN_IDENTITY[sdk=iphoneos*]" = "iPhone Developer";
				COPY_PHASE_STRIP = NO;
				DEBUG_INFORMATION_FORMAT = dwarf;
				ENABLE_STRICT_OBJC_MSGSEND = YES;
				ENABLE_TESTABILITY = YES;
				GCC_C_LANGUAGE_STANDARD = gnu99;
				GCC_DYNAMIC_NO_PIC = NO;
				GCC_NO_COMMON_BLOCKS = YES;
				GCC_OPTIMIZATION_LEVEL = 0;
				GCC_PREPROCESSOR_DEFINITIONS = (
					"DEBUG=1",
					"$(inherited)",
				);
				GCC_WARN_64_TO_32_BIT_CONVERSION = YES;
				GCC_WARN_ABOUT_RETURN_TYPE = YES_ERROR;
				GCC_WARN_UNDECLARED_SELECTOR = YES;
				GCC_WARN_UNINITIALIZED_AUTOS = YES_AGGRESSIVE;
				GCC_WARN_UNUSED_FUNCTION = YES;
				GCC_WARN_UNUSED_VARIABLE = YES;
				IPHONEOS_DEPLOYMENT_TARGET = 9.3;
				MTL_ENABLE_DEBUG_INFO = YES;
				ONLY_ACTIVE_ARCH = YES;
				SDKROOT = iphoneos;
				TARGETED_DEVICE_FAMILY = "1,2";
			};
			name = Debug;
		};
		DC9D35161D5AD02800D818A0 /* Release */ = {
			isa = XCBuildConfiguration;
			buildSettings = {
				ALWAYS_SEARCH_USER_PATHS = NO;
				CLANG_ANALYZER_NONNULL = YES;
				CLANG_CXX_LANGUAGE_STANDARD = "gnu++0x";
				CLANG_CXX_LIBRARY = "libc++";
				CLANG_ENABLE_MODULES = YES;
				CLANG_ENABLE_OBJC_ARC = YES;
				CLANG_WARN_BOOL_CONVERSION = YES;
				CLANG_WARN_CONSTANT_CONVERSION = YES;
				CLANG_WARN_DIRECT_OBJC_ISA_USAGE = YES_ERROR;
				CLANG_WARN_EMPTY_BODY = YES;
				CLANG_WARN_ENUM_CONVERSION = YES;
				CLANG_WARN_INT_CONVERSION = YES;
				CLANG_WARN_OBJC_ROOT_CLASS = YES_ERROR;
				CLANG_WARN_UNREACHABLE_CODE = YES;
				CLANG_WARN__DUPLICATE_METHOD_MATCH = YES;
				"CODE_SIGN_IDENTITY[sdk=iphoneos*]" = "iPhone Developer";
				COPY_PHASE_STRIP = NO;
				DEBUG_INFORMATION_FORMAT = "dwarf-with-dsym";
				ENABLE_NS_ASSERTIONS = NO;
				ENABLE_STRICT_OBJC_MSGSEND = YES;
				GCC_C_LANGUAGE_STANDARD = gnu99;
				GCC_NO_COMMON_BLOCKS = YES;
				GCC_WARN_64_TO_32_BIT_CONVERSION = YES;
				GCC_WARN_ABOUT_RETURN_TYPE = YES_ERROR;
				GCC_WARN_UNDECLARED_SELECTOR = YES;
				GCC_WARN_UNINITIALIZED_AUTOS = YES_AGGRESSIVE;
				GCC_WARN_UNUSED_FUNCTION = YES;
				GCC_WARN_UNUSED_VARIABLE = YES;
				IPHONEOS_DEPLOYMENT_TARGET = 9.3;
				MTL_ENABLE_DEBUG_INFO = NO;
				SDKROOT = iphoneos;
				TARGETED_DEVICE_FAMILY = "1,2";
				VALIDATE_PRODUCT = YES;
			};
			name = Release;
		};
		DC9D35181D5AD02800D818A0 /* Debug */ = {
			isa = XCBuildConfiguration;
			buildSettings = {
				ASSETCATALOG_COMPILER_APPICON_NAME = AppIcon;
				INFOPLIST_FILE = EVSlideMenuController/Info.plist;
				IPHONEOS_DEPLOYMENT_TARGET = 7.0;
				LD_RUNPATH_SEARCH_PATHS = "$(inherited) @executable_path/Frameworks";
				PRODUCT_BUNDLE_IDENTIFIER = iwevon.EVSlideMenuController;
				PRODUCT_NAME = "$(TARGET_NAME)";
			};
			name = Debug;
		};
		DC9D35191D5AD02800D818A0 /* Release */ = {
			isa = XCBuildConfiguration;
			buildSettings = {
				ASSETCATALOG_COMPILER_APPICON_NAME = AppIcon;
				INFOPLIST_FILE = EVSlideMenuController/Info.plist;
				IPHONEOS_DEPLOYMENT_TARGET = 7.0;
				LD_RUNPATH_SEARCH_PATHS = "$(inherited) @executable_path/Frameworks";
				PRODUCT_BUNDLE_IDENTIFIER = iwevon.EVSlideMenuController;
				PRODUCT_NAME = "$(TARGET_NAME)";
			};
			name = Release;
		};
/* End XCBuildConfiguration section */

/* Begin XCConfigurationList section */
		DC9D34FB1D5AD02700D818A0 /* Build configuration list for PBXProject "EVSlideMenuController" */ = {
			isa = XCConfigurationList;
			buildConfigurations = (
				DC9D35151D5AD02800D818A0 /* Debug */,
				DC9D35161D5AD02800D818A0 /* Release */,
			);
			defaultConfigurationIsVisible = 0;
			defaultConfigurationName = Release;
		};
		DC9D35171D5AD02800D818A0 /* Build configuration list for PBXNativeTarget "EVSlideMenuController" */ = {
			isa = XCConfigurationList;
			buildConfigurations = (
				DC9D35181D5AD02800D818A0 /* Debug */,
				DC9D35191D5AD02800D818A0 /* Release */,
			);
			defaultConfigurationIsVisible = 0;
			defaultConfigurationName = Release;
		};
/* End XCConfigurationList section */
	};
	rootObject = DC9D34F81D5AD02700D818A0 /* Project object */;
}
